// !$*UTF8*$!
{
	archiveVersion = 1;
	classes = {
	};
	objectVersion = 55;
	objects = {

/* Begin PBXBuildFile section */
		97931FD627B907AB00F4FD6D /* AppDelegate.m in Sources */ = {isa = PBXBuildFile; fileRef = 97931FD527B907AB00F4FD6D /* AppDelegate.m */; };
		97931FD927B907AB00F4FD6D /* SceneDelegate.m in Sources */ = {isa = PBXBuildFile; fileRef = 97931FD827B907AB00F4FD6D /* SceneDelegate.m */; };
		97931FDC27B907AB00F4FD6D /* ViewController.m in Sources */ = {isa = PBXBuildFile; fileRef = 97931FDB27B907AB00F4FD6D /* ViewController.m */; };
		97931FDF27B907AB00F4FD6D /* Main.storyboard in Resources */ = {isa = PBXBuildFile; fileRef = 97931FDD27B907AB00F4FD6D /* Main.storyboard */; };
		97931FE127B907AC00F4FD6D /* Assets.xcassets in Resources */ = {isa = PBXBuildFile; fileRef = 97931FE027B907AC00F4FD6D /* Assets.xcassets */; };
		97931FE427B907AC00F4FD6D /* LaunchScreen.storyboard in Resources */ = {isa = PBXBuildFile; fileRef = 97931FE227B907AC00F4FD6D /* LaunchScreen.storyboard */; };
		97931FE727B907AC00F4FD6D /* main.m in Sources */ = {isa = PBXBuildFile; fileRef = 97931FE627B907AC00F4FD6D /* main.m */; };
		97931FF027B908E300F4FD6D /* AVKit.framework in Frameworks */ = {isa = PBXBuildFile; fileRef = 97931FEE27B908E300F4FD6D /* AVKit.framework */; };
		97931FF127B908E300F4FD6D /* AVFoundation.framework in Frameworks */ = {isa = PBXBuildFile; fileRef = 97931FEF27B908E300F4FD6D /* AVFoundation.framework */; };
		97931FF527B90F4B00F4FD6D /* video.mp4 in Resources */ = {isa = PBXBuildFile; fileRef = 97931FF427B90F4B00F4FD6D /* video.mp4 */; };
/* End PBXBuildFile section */

/* Begin PBXFileReference section */
		97931FD127B907AB00F4FD6D /* av_player.app */ = {isa = PBXFileReference; explicitFileType = wrapper.application; includeInIndex = 0; path = av_player.app; sourceTree = BUILT_PRODUCTS_DIR; };
		97931FD427B907AB00F4FD6D /* AppDelegate.h */ = {isa = PBXFileReference; lastKnownFileType = sourcecode.c.h; path = AppDelegate.h; sourceTree = "<group>"; };
		97931FD527B907AB00F4FD6D /* AppDelegate.m */ = {isa = PBXFileReference; lastKnownFileType = sourcecode.c.objc; path = AppDelegate.m; sourceTree = "<group>"; };
		97931FD727B907AB00F4FD6D /* SceneDelegate.h */ = {isa = PBXFileReference; lastKnownFileType = sourcecode.c.h; path = SceneDelegate.h; sourceTree = "<group>"; };
		97931FD827B907AB00F4FD6D /* SceneDelegate.m */ = {isa = PBXFileReference; lastKnownFileType = sourcecode.c.objc; path = SceneDelegate.m; sourceTree = "<group>"; };
		97931FDA27B907AB00F4FD6D /* ViewController.h */ = {isa = PBXFileReference; lastKnownFileType = sourcecode.c.h; path = ViewController.h; sourceTree = "<group>"; };
		97931FDB27B907AB00F4FD6D /* ViewController.m */ = {isa = PBXFileReference; lastKnownFileType = sourcecode.c.objc; path = ViewController.m; sourceTree = "<group>"; };
		97931FDE27B907AB00F4FD6D /* Base */ = {isa = PBXFileReference; lastKnownFileType = file.storyboard; name = Base; path = Base.lproj/Main.storyboard; sourceTree = "<group>"; };
		97931FE027B907AC00F4FD6D /* Assets.xcassets */ = {isa = PBXFileReference; lastKnownFileType = folder.assetcatalog; path = Assets.xcassets; sourceTree = "<group>"; };
		97931FE327B907AC00F4FD6D /* Base */ = {isa = PBXFileReference; lastKnownFileType = file.storyboard; name = Base; path = Base.lproj/LaunchScreen.storyboard; sourceTree = "<group>"; };
		97931FE527B907AC00F4FD6D /* Info.plist */ = {isa = PBXFileReference; lastKnownFileType = text.plist.xml; path = Info.plist; sourceTree = "<group>"; };
		97931FE627B907AC00F4FD6D /* main.m */ = {isa = PBXFileReference; lastKnownFileType = sourcecode.c.objc; path = main.m; sourceTree = "<group>"; };
		97931FEE27B908E300F4FD6D /* AVKit.framework */ = {isa = PBXFileReference; lastKnownFileType = wrapper.framework; name = AVKit.framework; path = System/Library/Frameworks/AVKit.framework; sourceTree = SDKROOT; };
		97931FEF27B908E300F4FD6D /* AVFoundation.framework */ = {isa = PBXFileReference; lastKnownFileType = wrapper.framework; name = AVFoundation.framework; path = System/Library/Frameworks/AVFoundation.framework; sourceTree = SDKROOT; };
		97931FF427B90F4B00F4FD6D /* video.mp4 */ = {isa = PBXFileReference; lastKnownFileType = file; name = video.mp4; path = ../../../../../../Downloads/video.mp4; sourceTree = "<group>"; };
/* End PBXFileReference section */

/* Begin PBXFrameworksBuildPhase section */
		97931FCE27B907AB00F4FD6D /* Frameworks */ = {
			isa = PBXFrameworksBuildPhase;
			buildActionMask = 2147483647;
			files = (
				97931FF127B908E300F4FD6D /* AVFoundation.framework in Frameworks */,
				97931FF027B908E300F4FD6D /* AVKit.framework in Frameworks */,
			);
			runOnlyForDeploymentPostprocessing = 0;
		};
/* End PBXFrameworksBuildPhase section */

/* Begin PBXGroup section */
		97931FC827B907AB00F4FD6D = {
			isa = PBXGroup;
			children = (
				97931FD327B907AB00F4FD6D /* av_player */,
				97931FD227B907AB00F4FD6D /* Products */,
				97931FED27B908E300F4FD6D /* Frameworks */,
			);
			sourceTree = "<group>";
		};
		97931FD227B907AB00F4FD6D /* Products */ = {
			isa = PBXGroup;
			children = (
				97931FD127B907AB00F4FD6D /* av_player.app */,
			);
			name = Products;
			sourceTree = "<group>";
		};
		97931FD327B907AB00F4FD6D /* av_player */ = {
			isa = PBXGroup;
			children = (
				97931FF427B90F4B00F4FD6D /* video.mp4 */,
				97931FD427B907AB00F4FD6D /* AppDelegate.h */,
				97931FD527B907AB00F4FD6D /* AppDelegate.m */,
				97931FD727B907AB00F4FD6D /* SceneDelegate.h */,
				97931FD827B907AB00F4FD6D /* SceneDelegate.m */,
				97931FDA27B907AB00F4FD6D /* ViewController.h */,
				97931FDB27B907AB00F4FD6D /* ViewController.m */,
				97931FDD27B907AB00F4FD6D /* Main.storyboard */,
				97931FE027B907AC00F4FD6D /* Assets.xcassets */,
				97931FE227B907AC00F4FD6D /* LaunchScreen.storyboard */,
				97931FE527B907AC00F4FD6D /* Info.plist */,
				97931FE627B907AC00F4FD6D /* main.m */,
			);
			path = av_player;
			sourceTree = "<group>";
		};
		97931FED27B908E300F4FD6D /* Frameworks */ = {
			isa = PBXGroup;
			children = (
				97931FEF27B908E300F4FD6D /* AVFoundation.framework */,
				97931FEE27B908E300F4FD6D /* AVKit.framework */,
			);
			name = Frameworks;
			sourceTree = "<group>";
		};
/* End PBXGroup section */

/* Begin PBXNativeTarget section */
		97931FD027B907AB00F4FD6D /* av_player */ = {
			isa = PBXNativeTarget;
			buildConfigurationList = 97931FEA27B907AC00F4FD6D /* Build configuration list for PBXNativeTarget "av_player" */;
			buildPhases = (
				97931FCD27B907AB00F4FD6D /* Sources */,
				97931FCE27B907AB00F4FD6D /* Frameworks */,
				97931FCF27B907AB00F4FD6D /* Resources */,
			);
			buildRules = (
			);
			dependencies = (
			);
			name = av_player;
			productName = av_player;
			productReference = 97931FD127B907AB00F4FD6D /* av_player.app */;
			productType = "com.apple.product-type.application";
		};
/* End PBXNativeTarget section */

/* Begin PBXProject section */
		97931FC927B907AB00F4FD6D /* Project object */ = {
			isa = PBXProject;
			attributes = {
				BuildIndependentTargetsInParallel = 1;
				LastUpgradeCheck = 1320;
				TargetAttributes = {
					97931FD027B907AB00F4FD6D = {
						CreatedOnToolsVersion = 13.2.1;
					};
				};
			};
			buildConfigurationList = 97931FCC27B907AB00F4FD6D /* Build configuration list for PBXProject "av_player" */;
			compatibilityVersion = "Xcode 13.0";
			developmentRegion = en;
			hasScannedForEncodings = 0;
			knownRegions = (
				en,
				Base,
			);
			mainGroup = 97931FC827B907AB00F4FD6D;
			productRefGroup = 97931FD227B907AB00F4FD6D /* Products */;
			projectDirPath = "";
			projectRoot = "";
			targets = (
				97931FD027B907AB00F4FD6D /* av_player */,
			);
		};
/* End PBXProject section */

/* Begin PBXResourcesBuildPhase section */
		97931FCF27B907AB00F4FD6D /* Resources */ = {
			isa = PBXResourcesBuildPhase;
			buildActionMask = 2147483647;
			files = (
				97931FE427B907AC00F4FD6D /* LaunchScreen.storyboard in Resources */,
				97931FE127B907AC00F4FD6D /* Assets.xcassets in Resources */,
				97931FDF27B907AB00F4FD6D /* Main.storyboard in Resources */,
				97931FF527B90F4B00F4FD6D /* video.mp4 in Resources */,
			);
			runOnlyForDeploymentPostprocessing = 0;
		};
/* End PBXResourcesBuildPhase section */

/* Begin PBXSourcesBuildPhase section */
		97931FCD27B907AB00F4FD6D /* Sources */ = {
			isa = PBXSourcesBuildPhase;
			buildActionMask = 2147483647;
			files = (
				97931FDC27B907AB00F4FD6D /* ViewController.m in Sources */,
				97931FD627B907AB00F4FD6D /* AppDelegate.m in Sources */,
				97931FE727B907AC00F4FD6D /* main.m in Sources */,
				97931FD927B907AB00F4FD6D /* SceneDelegate.m in Sources */,
			);
			runOnlyForDeploymentPostprocessing = 0;
		};
/* End PBXSourcesBuildPhase section */

/* Begin PBXVariantGroup section */
		97931FDD27B907AB00F4FD6D /* Main.storyboard */ = {
			isa = PBXVariantGroup;
			children = (
				97931FDE27B907AB00F4FD6D /* Base */,
			);
			name = Main.storyboard;
			sourceTree = "<group>";
		};
		97931FE227B907AC00F4FD6D /* LaunchScreen.storyboard */ = {
			isa = PBXVariantGroup;
			children = (
				97931FE327B907AC00F4FD6D /* Base */,
			);
			name = LaunchScreen.storyboard;
			sourceTree = "<group>";
		};
/* End PBXVariantGroup section */

/* Begin XCBuildConfiguration section */
		97931FE827B907AC00F4FD6D /* Debug */ = {
			isa = XCBuildConfiguration;
			buildSettings = {
				ALWAYS_SEARCH_USER_PATHS = NO;
				CLANG_ANALYZER_NONNULL = YES;
				CLANG_ANALYZER_NUMBER_OBJECT_CONVERSION = YES_AGGRESSIVE;
				CLANG_CXX_LANGUAGE_STANDARD = "gnu++17";
				CLANG_CXX_LIBRARY = "libc++";
				CLANG_ENABLE_MODULES = YES;
				CLANG_ENABLE_OBJC_ARC = YES;
				CLANG_ENABLE_OBJC_WEAK = YES;
				CLANG_WARN_BLOCK_CAPTURE_AUTORELEASING = YES;
				CLANG_WARN_BOOL_CONVERSION = YES;
				CLANG_WARN_COMMA = YES;
				CLANG_WARN_CONSTANT_CONVERSION = YES;
				CLANG_WARN_DEPRECATED_OBJC_IMPLEMENTATIONS = YES;
				CLANG_WARN_DIRECT_OBJC_ISA_USAGE = YES_ERROR;
				CLANG_WARN_DOCUMENTATION_COMMENTS = YES;
				CLANG_WARN_EMPTY_BODY = YES;
				CLANG_WARN_ENUM_CONVERSION = YES;
				CLANG_WARN_INFINITE_RECURSION = YES;
				CLANG_WARN_INT_CONVERSION = YES;
				CLANG_WARN_NON_LITERAL_NULL_CONVERSION = YES;
				CLANG_WARN_OBJC_IMPLICIT_RETAIN_SELF = YES;
				CLANG_WARN_OBJC_LITERAL_CONVERSION = YES;
				CLANG_WARN_OBJC_ROOT_CLASS = YES_ERROR;
				CLANG_WARN_QUOTED_INCLUDE_IN_FRAMEWORK_HEADER = YES;
				CLANG_WARN_RANGE_LOOP_ANALYSIS = YES;
				CLANG_WARN_STRICT_PROTOTYPES = YES;
				CLANG_WARN_SUSPICIOUS_MOVE = YES;
				CLANG_WARN_UNGUARDED_AVAILABILITY = YES_AGGRESSIVE;
				CLANG_WARN_UNREACHABLE_CODE = YES;
				CLANG_WARN__DUPLICATE_METHOD_MATCH = YES;
				COPY_PHASE_STRIP = NO;
				DEBUG_INFORMATION_FORMAT = dwarf;
				ENABLE_STRICT_OBJC_MSGSEND = YES;
				ENABLE_TESTABILITY = YES;
				GCC_C_LANGUAGE_STANDARD = gnu11;
				GCC_DYNAMIC_NO_PIC = NO;
				GCC_NO_COMMON_BLOCKS = YES;
				GCC_OPTIMIZATION_LEVEL = 0;
				GCC_PREPROCESSOR_DEFINITIONS = (
					"DEBUG=1",
					"$(inherited)",
				);
				GCC_WARN_64_TO_32_BIT_CONVERSION = YES;
				GCC_WARN_ABOUT_RETURN_TYPE = YES_ERROR;
				GCC_WARN_UNDECLARED_SELECTOR = YES;
				GCC_WARN_UNINITIALIZED_AUTOS = YES_AGGRESSIVE;
				GCC_WARN_UNUSED_FUNCTION = YES;
				GCC_WARN_UNUSED_VARIABLE = YES;
				IPHONEOS_DEPLOYMENT_TARGET = 15.2;
				MTL_ENABLE_DEBUG_INFO = INCLUDE_SOURCE;
				MTL_FAST_MATH = YES;
				ONLY_ACTIVE_ARCH = YES;
				SDKROOT = iphoneos;
			};
			name = Debug;
		};
		97931FE927B907AC00F4FD6D /* Release */ = {
			isa = XCBuildConfiguration;
			buildSettings = {
				ALWAYS_SEARCH_USER_PATHS = NO;
				CLANG_ANALYZER_NONNULL = YES;
				CLANG_ANALYZER_NUMBER_OBJECT_CONVERSION = YES_AGGRESSIVE;
				CLANG_CXX_LANGUAGE_STANDARD = "gnu++17";
				CLANG_CXX_LIBRARY = "libc++";
				CLANG_ENABLE_MODULES = YES;
				CLANG_ENABLE_OBJC_ARC = YES;
				CLANG_ENABLE_OBJC_WEAK = YES;
				CLANG_WARN_BLOCK_CAPTURE_AUTORELEASING = YES;
				CLANG_WARN_BOOL_CONVERSION = YES;
				CLANG_WARN_COMMA = YES;
				CLANG_WARN_CONSTANT_CONVERSION = YES;
				CLANG_WARN_DEPRECATED_OBJC_IMPLEMENTATIONS = YES;
				CLANG_WARN_DIRECT_OBJC_ISA_USAGE = YES_ERROR;
				CLANG_WARN_DOCUMENTATION_COMMENTS = YES;
				CLANG_WARN_EMPTY_BODY = YES;
				CLANG_WARN_ENUM_CONVERSION = YES;
				CLANG_WARN_INFINITE_RECURSION = YES;
				CLANG_WARN_INT_CONVERSION = YES;
				CLANG_WARN_NON_LITERAL_NULL_CONVERSION = YES;
				CLANG_WARN_OBJC_IMPLICIT_RETAIN_SELF = YES;
				CLANG_WARN_OBJC_LITERAL_CONVERSION = YES;
				CLANG_WARN_OBJC_ROOT_CLASS = YES_ERROR;
				CLANG_WARN_QUOTED_INCLUDE_IN_FRAMEWORK_HEADER = YES;
				CLANG_WARN_RANGE_LOOP_ANALYSIS = YES;
				CLANG_WARN_STRICT_PROTOTYPES = YES;
				CLANG_WARN_SUSPICIOUS_MOVE = YES;
				CLANG_WARN_UNGUARDED_AVAILABILITY = YES_AGGRESSIVE;
				CLANG_WARN_UNREACHABLE_CODE = YES;
				CLANG_WARN__DUPLICATE_METHOD_MATCH = YES;
				COPY_PHASE_STRIP = NO;
				DEBUG_INFORMATION_FORMAT = "dwarf-with-dsym";
				ENABLE_NS_ASSERTIONS = NO;
				ENABLE_STRICT_OBJC_MSGSEND = YES;
				GCC_C_LANGUAGE_STANDARD = gnu11;
				GCC_NO_COMMON_BLOCKS = YES;
				GCC_WARN_64_TO_32_BIT_CONVERSION = YES;
				GCC_WARN_ABOUT_RETURN_TYPE = YES_ERROR;
				GCC_WARN_UNDECLARED_SELECTOR = YES;
				GCC_WARN_UNINITIALIZED_AUTOS = YES_AGGRESSIVE;
				GCC_WARN_UNUSED_FUNCTION = YES;
				GCC_WARN_UNUSED_VARIABLE = YES;
				IPHONEOS_DEPLOYMENT_TARGET = 15.2;
				MTL_ENABLE_DEBUG_INFO = NO;
				MTL_FAST_MATH = YES;
				SDKROOT = iphoneos;
				VALIDATE_PRODUCT = YES;
			};
			name = Release;
		};
		97931FEB27B907AC00F4FD6D /* Debug */ = {
			isa = XCBuildConfiguration;
			buildSettings = {
				ASSETCATALOG_COMPILER_APPICON_NAME = AppIcon;
				ASSETCATALOG_COMPILER_GLOBAL_ACCENT_COLOR_NAME = AccentColor;
				CODE_SIGN_STYLE = Automatic;
				CURRENT_PROJECT_VERSION = 1;
				GENERATE_INFOPLIST_FILE = YES;
				INFOPLIST_FILE = av_player/Info.plist;
				INFOPLIST_KEY_UIApplicationSupportsIndirectInputEvents = YES;
				INFOPLIST_KEY_UILaunchStoryboardName = LaunchScreen;
				INFOPLIST_KEY_UIMainStoryboardFile = Main;
				INFOPLIST_KEY_UISupportedInterfaceOrientations_iPad = "UIInterfaceOrientationPortrait UIInterfaceOrientationPortraitUpsideDown UIInterfaceOrientationLandscapeLeft UIInterfaceOrientationLandscapeRight";
				INFOPLIST_KEY_UISupportedInterfaceOrientations_iPhone = "UIInterfaceOrientationPortrait UIInterfaceOrientationLandscapeLeft UIInterfaceOrientationLandscapeRight";
				LD_RUNPATH_SEARCH_PATHS = (
					"$(inherited)",
					"@executable_path/Frameworks",
				);
				MARKETING_VERSION = 1.0;
				PRODUCT_BUNDLE_IDENTIFIER = "co.sai.av-player";
				PRODUCT_NAME = "$(TARGET_NAME)";
				SWIFT_EMIT_LOC_STRINGS = YES;
				TARGETED_DEVICE_FAMILY = "1,2";
			};
			name = Debug;
		};
		97931FEC27B907AC00F4FD6D /* Release */ = {
			isa = XCBuildConfiguration;
			buildSettings = {
				ASSETCATALOG_COMPILER_APPICON_NAME = AppIcon;
				ASSETCATALOG_COMPILER_GLOBAL_ACCENT_COLOR_NAME = AccentColor;
				CODE_SIGN_STYLE = Automatic;
				CURRENT_PROJECT_VERSION = 1;
				GENERATE_INFOPLIST_FILE = YES;
				INFOPLIST_FILE = av_player/Info.plist;
				INFOPLIST_KEY_UIApplicationSupportsIndirectInputEvents = YES;
				INFOPLIST_KEY_UILaunchStoryboardName = LaunchScreen;
				INFOPLIST_KEY_UIMainStoryboardFile = Main;
				INFOPLIST_KEY_UISupportedInterfaceOrientations_iPad = "UIInterfaceOrientationPortrait UIInterfaceOrientationPortraitUpsideDown UIInterfaceOrientationLandscapeLeft UIInterfaceOrientationLandscapeRight";
				INFOPLIST_KEY_UISupportedInterfaceOrientations_iPhone = "UIInterfaceOrientationPortrait UIInterfaceOrientationLandscapeLeft UIInterfaceOrientationLandscapeRight";
				LD_RUNPATH_SEARCH_PATHS = (
					"$(inherited)",
					"@executable_path/Frameworks",
				);
				MARKETING_VERSION = 1.0;
				PRODUCT_BUNDLE_IDENTIFIER = "co.sai.av-player";
				PRODUCT_NAME = "$(TARGET_NAME)";
				SWIFT_EMIT_LOC_STRINGS = YES;
				TARGETED_DEVICE_FAMILY = "1,2";
			};
			name = Release;
		};
/* End XCBuildConfiguration section */

/* Begin XCConfigurationList section */
		97931FCC27B907AB00F4FD6D /* Build configuration list for PBXProject "av_player" */ = {
			isa = XCConfigurationList;
			buildConfigurations = (
				97931FE827B907AC00F4FD6D /* Debug */,
				97931FE927B907AC00F4FD6D /* Release */,
			);
			defaultConfigurationIsVisible = 0;
			defaultConfigurationName = Release;
		};
		97931FEA27B907AC00F4FD6D /* Build configuration list for PBXNativeTarget "av_player" */ = {
			isa = XCConfigurationList;
			buildConfigurations = (
				97931FEB27B907AC00F4FD6D /* Debug */,
				97931FEC27B907AC00F4FD6D /* Release */,
			);
			defaultConfigurationIsVisible = 0;
			defaultConfigurationName = Release;
		};
/* End XCConfigurationList section */
	};
	rootObject = 97931FC927B907AB00F4FD6D /* Project object */;
}
