// !$*UTF8*$!
{
	archiveVersion = 1;
	classes = {
	};
	objectVersion = 55;
	objects = {

/* Begin PBXBuildFile section */
		97931F7927B8E7C800F4FD6D /* AppDelegate.m in Sources */ = {isa = PBXBuildFile; fileRef = 97931F7827B8E7C800F4FD6D /* AppDelegate.m */; };
		97931F7C27B8E7C800F4FD6D /* SceneDelegate.m in Sources */ = {isa = PBXBuildFile; fileRef = 97931F7B27B8E7C800F4FD6D /* SceneDelegate.m */; };
		97931F7F27B8E7C800F4FD6D /* ViewController.m in Sources */ = {isa = PBXBuildFile; fileRef = 97931F7E27B8E7C800F4FD6D /* ViewController.m */; };
		97931F8227B8E7C800F4FD6D /* Main.storyboard in Resources */ = {isa = PBXBuildFile; fileRef = 97931F8027B8E7C800F4FD6D /* Main.storyboard */; };
		97931F8427B8E7CA00F4FD6D /* Assets.xcassets in Resources */ = {isa = PBXBuildFile; fileRef = 97931F8327B8E7CA00F4FD6D /* Assets.xcassets */; };
		97931F8727B8E7CA00F4FD6D /* LaunchScreen.storyboard in Resources */ = {isa = PBXBuildFile; fileRef = 97931F8527B8E7CA00F4FD6D /* LaunchScreen.storyboard */; };
		97931F8A27B8E7CA00F4FD6D /* main.m in Sources */ = {isa = PBXBuildFile; fileRef = 97931F8927B8E7CA00F4FD6D /* main.m */; };
		97931F9227B8E97B00F4FD6D /* pageViewController.m in Sources */ = {isa = PBXBuildFile; fileRef = 97931F9127B8E97B00F4FD6D /* pageViewController.m */; };
		97931F9527B8EE9700F4FD6D /* profile-pic.jpeg in Resources */ = {isa = PBXBuildFile; fileRef = 97931F9327B8EE9700F4FD6D /* profile-pic.jpeg */; };
		97931F9627B8EE9700F4FD6D /* lambda-test.png in Resources */ = {isa = PBXBuildFile; fileRef = 97931F9427B8EE9700F4FD6D /* lambda-test.png */; };
/* End PBXBuildFile section */

/* Begin PBXFileReference section */
		97931F7427B8E7C800F4FD6D /* pageViewController.app */ = {isa = PBXFileReference; explicitFileType = wrapper.application; includeInIndex = 0; path = pageViewController.app; sourceTree = BUILT_PRODUCTS_DIR; };
		97931F7727B8E7C800F4FD6D /* AppDelegate.h */ = {isa = PBXFileReference; lastKnownFileType = sourcecode.c.h; path = AppDelegate.h; sourceTree = "<group>"; };
		97931F7827B8E7C800F4FD6D /* AppDelegate.m */ = {isa = PBXFileReference; lastKnownFileType = sourcecode.c.objc; path = AppDelegate.m; sourceTree = "<group>"; };
		97931F7A27B8E7C800F4FD6D /* SceneDelegate.h */ = {isa = PBXFileReference; lastKnownFileType = sourcecode.c.h; path = SceneDelegate.h; sourceTree = "<group>"; };
		97931F7B27B8E7C800F4FD6D /* SceneDelegate.m */ = {isa = PBXFileReference; lastKnownFileType = sourcecode.c.objc; path = SceneDelegate.m; sourceTree = "<group>"; };
		97931F7D27B8E7C800F4FD6D /* ViewController.h */ = {isa = PBXFileReference; lastKnownFileType = sourcecode.c.h; path = ViewController.h; sourceTree = "<group>"; };
		97931F7E27B8E7C800F4FD6D /* ViewController.m */ = {isa = PBXFileReference; lastKnownFileType = sourcecode.c.objc; path = ViewController.m; sourceTree = "<group>"; };
		97931F8127B8E7C800F4FD6D /* Base */ = {isa = PBXFileReference; lastKnownFileType = file.storyboard; name = Base; path = Base.lproj/Main.storyboard; sourceTree = "<group>"; };
		97931F8327B8E7CA00F4FD6D /* Assets.xcassets */ = {isa = PBXFileReference; lastKnownFileType = folder.assetcatalog; path = Assets.xcassets; sourceTree = "<group>"; };
		97931F8627B8E7CA00F4FD6D /* Base */ = {isa = PBXFileReference; lastKnownFileType = file.storyboard; name = Base; path = Base.lproj/LaunchScreen.storyboard; sourceTree = "<group>"; };
		97931F8827B8E7CA00F4FD6D /* Info.plist */ = {isa = PBXFileReference; lastKnownFileType = text.plist.xml; path = Info.plist; sourceTree = "<group>"; };
		97931F8927B8E7CA00F4FD6D /* main.m */ = {isa = PBXFileReference; lastKnownFileType = sourcecode.c.objc; path = main.m; sourceTree = "<group>"; };
		97931F9027B8E97B00F4FD6D /* pageViewController.h */ = {isa = PBXFileReference; lastKnownFileType = sourcecode.c.h; path = pageViewController.h; sourceTree = "<group>"; };
		97931F9127B8E97B00F4FD6D /* pageViewController.m */ = {isa = PBXFileReference; lastKnownFileType = sourcecode.c.objc; path = pageViewController.m; sourceTree = "<group>"; };
		97931F9327B8EE9700F4FD6D /* profile-pic.jpeg */ = {isa = PBXFileReference; lastKnownFileType = image.jpeg; name = "profile-pic.jpeg"; path = "../../SegmentControl/SegmentControl/profile-pic.jpeg"; sourceTree = "<group>"; };
		97931F9427B8EE9700F4FD6D /* lambda-test.png */ = {isa = PBXFileReference; lastKnownFileType = image.png; name = "lambda-test.png"; path = "../../SegmentControl/SegmentControl/lambda-test.png"; sourceTree = "<group>"; };
/* End PBXFileReference section */

/* Begin PBXFrameworksBuildPhase section */
		97931F7127B8E7C800F4FD6D /* Frameworks */ = {
			isa = PBXFrameworksBuildPhase;
			buildActionMask = 2147483647;
			files = (
			);
			runOnlyForDeploymentPostprocessing = 0;
		};
/* End PBXFrameworksBuildPhase section */

/* Begin PBXGroup section */
		97931F6B27B8E7C800F4FD6D = {
			isa = PBXGroup;
			children = (
				97931F7627B8E7C800F4FD6D /* pageViewController */,
				97931F7527B8E7C800F4FD6D /* Products */,
			);
			sourceTree = "<group>";
		};
		97931F7527B8E7C800F4FD6D /* Products */ = {
			isa = PBXGroup;
			children = (
				97931F7427B8E7C800F4FD6D /* pageViewController.app */,
			);
			name = Products;
			sourceTree = "<group>";
		};
		97931F7627B8E7C800F4FD6D /* pageViewController */ = {
			isa = PBXGroup;
			children = (
				97931F9427B8EE9700F4FD6D /* lambda-test.png */,
				97931F9327B8EE9700F4FD6D /* profile-pic.jpeg */,
				97931F7727B8E7C800F4FD6D /* AppDelegate.h */,
				97931F7827B8E7C800F4FD6D /* AppDelegate.m */,
				97931F7A27B8E7C800F4FD6D /* SceneDelegate.h */,
				97931F7B27B8E7C800F4FD6D /* SceneDelegate.m */,
				97931F7D27B8E7C800F4FD6D /* ViewController.h */,
				97931F7E27B8E7C800F4FD6D /* ViewController.m */,
				97931F8027B8E7C800F4FD6D /* Main.storyboard */,
				97931F9027B8E97B00F4FD6D /* pageViewController.h */,
				97931F9127B8E97B00F4FD6D /* pageViewController.m */,
				97931F8327B8E7CA00F4FD6D /* Assets.xcassets */,
				97931F8527B8E7CA00F4FD6D /* LaunchScreen.storyboard */,
				97931F8827B8E7CA00F4FD6D /* Info.plist */,
				97931F8927B8E7CA00F4FD6D /* main.m */,
			);
			path = pageViewController;
			sourceTree = "<group>";
		};
/* End PBXGroup section */

/* Begin PBXNativeTarget section */
		97931F7327B8E7C800F4FD6D /* pageViewController */ = {
			isa = PBXNativeTarget;
			buildConfigurationList = 97931F8D27B8E7CA00F4FD6D /* Build configuration list for PBXNativeTarget "pageViewController" */;
			buildPhases = (
				97931F7027B8E7C800F4FD6D /* Sources */,
				97931F7127B8E7C800F4FD6D /* Frameworks */,
				97931F7227B8E7C800F4FD6D /* Resources */,
			);
			buildRules = (
			);
			dependencies = (
			);
			name = pageViewController;
			productName = pageViewController;
			productReference = 97931F7427B8E7C800F4FD6D /* pageViewController.app */;
			productType = "com.apple.product-type.application";
		};
/* End PBXNativeTarget section */

/* Begin PBXProject section */
		97931F6C27B8E7C800F4FD6D /* Project object */ = {
			isa = PBXProject;
			attributes = {
				BuildIndependentTargetsInParallel = 1;
				LastUpgradeCheck = 1320;
				TargetAttributes = {
					97931F7327B8E7C800F4FD6D = {
						CreatedOnToolsVersion = 13.2.1;
					};
				};
			};
			buildConfigurationList = 97931F6F27B8E7C800F4FD6D /* Build configuration list for PBXProject "pageViewController" */;
			compatibilityVersion = "Xcode 13.0";
			developmentRegion = en;
			hasScannedForEncodings = 0;
			knownRegions = (
				en,
				Base,
			);
			mainGroup = 97931F6B27B8E7C800F4FD6D;
			productRefGroup = 97931F7527B8E7C800F4FD6D /* Products */;
			projectDirPath = "";
			projectRoot = "";
			targets = (
				97931F7327B8E7C800F4FD6D /* pageViewController */,
			);
		};
/* End PBXProject section */

/* Begin PBXResourcesBuildPhase section */
		97931F7227B8E7C800F4FD6D /* Resources */ = {
			isa = PBXResourcesBuildPhase;
			buildActionMask = 2147483647;
			files = (
				97931F8727B8E7CA00F4FD6D /* LaunchScreen.storyboard in Resources */,
				97931F8427B8E7CA00F4FD6D /* Assets.xcassets in Resources */,
				97931F9527B8EE9700F4FD6D /* profile-pic.jpeg in Resources */,
				97931F9627B8EE9700F4FD6D /* lambda-test.png in Resources */,
				97931F8227B8E7C800F4FD6D /* Main.storyboard in Resources */,
			);
			runOnlyForDeploymentPostprocessing = 0;
		};
/* End PBXResourcesBuildPhase section */

/* Begin PBXSourcesBuildPhase section */
		97931F7027B8E7C800F4FD6D /* Sources */ = {
			isa = PBXSourcesBuildPhase;
			buildActionMask = 2147483647;
			files = (
				97931F7F27B8E7C800F4FD6D /* ViewController.m in Sources */,
				97931F7927B8E7C800F4FD6D /* AppDelegate.m in Sources */,
				97931F8A27B8E7CA00F4FD6D /* main.m in Sources */,
				97931F9227B8E97B00F4FD6D /* pageViewController.m in Sources */,
				97931F7C27B8E7C800F4FD6D /* SceneDelegate.m in Sources */,
			);
			runOnlyForDeploymentPostprocessing = 0;
		};
/* End PBXSourcesBuildPhase section */

/* Begin PBXVariantGroup section */
		97931F8027B8E7C800F4FD6D /* Main.storyboard */ = {
			isa = PBXVariantGroup;
			children = (
				97931F8127B8E7C800F4FD6D /* Base */,
			);
			name = Main.storyboard;
			sourceTree = "<group>";
		};
		97931F8527B8E7CA00F4FD6D /* LaunchScreen.storyboard */ = {
			isa = PBXVariantGroup;
			children = (
				97931F8627B8E7CA00F4FD6D /* Base */,
			);
			name = LaunchScreen.storyboard;
			sourceTree = "<group>";
		};
/* End PBXVariantGroup section */

/* Begin XCBuildConfiguration section */
		97931F8B27B8E7CA00F4FD6D /* Debug */ = {
			isa = XCBuildConfiguration;
			buildSettings = {
				ALWAYS_SEARCH_USER_PATHS = NO;
				CLANG_ANALYZER_NONNULL = YES;
				CLANG_ANALYZER_NUMBER_OBJECT_CONVERSION = YES_AGGRESSIVE;
				CLANG_CXX_LANGUAGE_STANDARD = "gnu++17";
				CLANG_CXX_LIBRARY = "libc++";
				CLANG_ENABLE_MODULES = YES;
				CLANG_ENABLE_OBJC_ARC = YES;
				CLANG_ENABLE_OBJC_WEAK = YES;
				CLANG_WARN_BLOCK_CAPTURE_AUTORELEASING = YES;
				CLANG_WARN_BOOL_CONVERSION = YES;
				CLANG_WARN_COMMA = YES;
				CLANG_WARN_CONSTANT_CONVERSION = YES;
				CLANG_WARN_DEPRECATED_OBJC_IMPLEMENTATIONS = YES;
				CLANG_WARN_DIRECT_OBJC_ISA_USAGE = YES_ERROR;
				CLANG_WARN_DOCUMENTATION_COMMENTS = YES;
				CLANG_WARN_EMPTY_BODY = YES;
				CLANG_WARN_ENUM_CONVERSION = YES;
				CLANG_WARN_INFINITE_RECURSION = YES;
				CLANG_WARN_INT_CONVERSION = YES;
				CLANG_WARN_NON_LITERAL_NULL_CONVERSION = YES;
				CLANG_WARN_OBJC_IMPLICIT_RETAIN_SELF = YES;
				CLANG_WARN_OBJC_LITERAL_CONVERSION = YES;
				CLANG_WARN_OBJC_ROOT_CLASS = YES_ERROR;
				CLANG_WARN_QUOTED_INCLUDE_IN_FRAMEWORK_HEADER = YES;
				CLANG_WARN_RANGE_LOOP_ANALYSIS = YES;
				CLANG_WARN_STRICT_PROTOTYPES = YES;
				CLANG_WARN_SUSPICIOUS_MOVE = YES;
				CLANG_WARN_UNGUARDED_AVAILABILITY = YES_AGGRESSIVE;
				CLANG_WARN_UNREACHABLE_CODE = YES;
				CLANG_WARN__DUPLICATE_METHOD_MATCH = YES;
				COPY_PHASE_STRIP = NO;
				DEBUG_INFORMATION_FORMAT = dwarf;
				ENABLE_STRICT_OBJC_MSGSEND = YES;
				ENABLE_TESTABILITY = YES;
				GCC_C_LANGUAGE_STANDARD = gnu11;
				GCC_DYNAMIC_NO_PIC = NO;
				GCC_NO_COMMON_BLOCKS = YES;
				GCC_OPTIMIZATION_LEVEL = 0;
				GCC_PREPROCESSOR_DEFINITIONS = (
					"DEBUG=1",
					"$(inherited)",
				);
				GCC_WARN_64_TO_32_BIT_CONVERSION = YES;
				GCC_WARN_ABOUT_RETURN_TYPE = YES_ERROR;
				GCC_WARN_UNDECLARED_SELECTOR = YES;
				GCC_WARN_UNINITIALIZED_AUTOS = YES_AGGRESSIVE;
				GCC_WARN_UNUSED_FUNCTION = YES;
				GCC_WARN_UNUSED_VARIABLE = YES;
				IPHONEOS_DEPLOYMENT_TARGET = 15.2;
				MTL_ENABLE_DEBUG_INFO = INCLUDE_SOURCE;
				MTL_FAST_MATH = YES;
				ONLY_ACTIVE_ARCH = YES;
				SDKROOT = iphoneos;
			};
			name = Debug;
		};
		97931F8C27B8E7CA00F4FD6D /* Release */ = {
			isa = XCBuildConfiguration;
			buildSettings = {
				ALWAYS_SEARCH_USER_PATHS = NO;
				CLANG_ANALYZER_NONNULL = YES;
				CLANG_ANALYZER_NUMBER_OBJECT_CONVERSION = YES_AGGRESSIVE;
				CLANG_CXX_LANGUAGE_STANDARD = "gnu++17";
				CLANG_CXX_LIBRARY = "libc++";
				CLANG_ENABLE_MODULES = YES;
				CLANG_ENABLE_OBJC_ARC = YES;
				CLANG_ENABLE_OBJC_WEAK = YES;
				CLANG_WARN_BLOCK_CAPTURE_AUTORELEASING = YES;
				CLANG_WARN_BOOL_CONVERSION = YES;
				CLANG_WARN_COMMA = YES;
				CLANG_WARN_CONSTANT_CONVERSION = YES;
				CLANG_WARN_DEPRECATED_OBJC_IMPLEMENTATIONS = YES;
				CLANG_WARN_DIRECT_OBJC_ISA_USAGE = YES_ERROR;
				CLANG_WARN_DOCUMENTATION_COMMENTS = YES;
				CLANG_WARN_EMPTY_BODY = YES;
				CLANG_WARN_ENUM_CONVERSION = YES;
				CLANG_WARN_INFINITE_RECURSION = YES;
				CLANG_WARN_INT_CONVERSION = YES;
				CLANG_WARN_NON_LITERAL_NULL_CONVERSION = YES;
				CLANG_WARN_OBJC_IMPLICIT_RETAIN_SELF = YES;
				CLANG_WARN_OBJC_LITERAL_CONVERSION = YES;
				CLANG_WARN_OBJC_ROOT_CLASS = YES_ERROR;
				CLANG_WARN_QUOTED_INCLUDE_IN_FRAMEWORK_HEADER = YES;
				CLANG_WARN_RANGE_LOOP_ANALYSIS = YES;
				CLANG_WARN_STRICT_PROTOTYPES = YES;
				CLANG_WARN_SUSPICIOUS_MOVE = YES;
				CLANG_WARN_UNGUARDED_AVAILABILITY = YES_AGGRESSIVE;
				CLANG_WARN_UNREACHABLE_CODE = YES;
				CLANG_WARN__DUPLICATE_METHOD_MATCH = YES;
				COPY_PHASE_STRIP = NO;
				DEBUG_INFORMATION_FORMAT = "dwarf-with-dsym";
				ENABLE_NS_ASSERTIONS = NO;
				ENABLE_STRICT_OBJC_MSGSEND = YES;
				GCC_C_LANGUAGE_STANDARD = gnu11;
				GCC_NO_COMMON_BLOCKS = YES;
				GCC_WARN_64_TO_32_BIT_CONVERSION = YES;
				GCC_WARN_ABOUT_RETURN_TYPE = YES_ERROR;
				GCC_WARN_UNDECLARED_SELECTOR = YES;
				GCC_WARN_UNINITIALIZED_AUTOS = YES_AGGRESSIVE;
				GCC_WARN_UNUSED_FUNCTION = YES;
				GCC_WARN_UNUSED_VARIABLE = YES;
				IPHONEOS_DEPLOYMENT_TARGET = 15.2;
				MTL_ENABLE_DEBUG_INFO = NO;
				MTL_FAST_MATH = YES;
				SDKROOT = iphoneos;
				VALIDATE_PRODUCT = YES;
			};
			name = Release;
		};
		97931F8E27B8E7CA00F4FD6D /* Debug */ = {
			isa = XCBuildConfiguration;
			buildSettings = {
				ASSETCATALOG_COMPILER_APPICON_NAME = AppIcon;
				ASSETCATALOG_COMPILER_GLOBAL_ACCENT_COLOR_NAME = AccentColor;
				CODE_SIGN_STYLE = Automatic;
				CURRENT_PROJECT_VERSION = 1;
				GENERATE_INFOPLIST_FILE = YES;
				INFOPLIST_FILE = pageViewController/Info.plist;
				INFOPLIST_KEY_UIApplicationSupportsIndirectInputEvents = YES;
				INFOPLIST_KEY_UILaunchStoryboardName = LaunchScreen;
				INFOPLIST_KEY_UIMainStoryboardFile = Main;
				INFOPLIST_KEY_UISupportedInterfaceOrientations_iPad = "UIInterfaceOrientationPortrait UIInterfaceOrientationPortraitUpsideDown UIInterfaceOrientationLandscapeLeft UIInterfaceOrientationLandscapeRight";
				INFOPLIST_KEY_UISupportedInterfaceOrientations_iPhone = "UIInterfaceOrientationPortrait UIInterfaceOrientationLandscapeLeft UIInterfaceOrientationLandscapeRight";
				LD_RUNPATH_SEARCH_PATHS = (
					"$(inherited)",
					"@executable_path/Frameworks",
				);
				MARKETING_VERSION = 1.0;
				PRODUCT_BUNDLE_IDENTIFIER = co.sai.pageViewController;
				PRODUCT_NAME = "$(TARGET_NAME)";
				SWIFT_EMIT_LOC_STRINGS = YES;
				TARGETED_DEVICE_FAMILY = "1,2";
			};
			name = Debug;
		};
		97931F8F27B8E7CA00F4FD6D /* Release */ = {
			isa = XCBuildConfiguration;
			buildSettings = {
				ASSETCATALOG_COMPILER_APPICON_NAME = AppIcon;
				ASSETCATALOG_COMPILER_GLOBAL_ACCENT_COLOR_NAME = AccentColor;
				CODE_SIGN_STYLE = Automatic;
				CURRENT_PROJECT_VERSION = 1;
				GENERATE_INFOPLIST_FILE = YES;
				INFOPLIST_FILE = pageViewController/Info.plist;
				INFOPLIST_KEY_UIApplicationSupportsIndirectInputEvents = YES;
				INFOPLIST_KEY_UILaunchStoryboardName = LaunchScreen;
				INFOPLIST_KEY_UIMainStoryboardFile = Main;
				INFOPLIST_KEY_UISupportedInterfaceOrientations_iPad = "UIInterfaceOrientationPortrait UIInterfaceOrientationPortraitUpsideDown UIInterfaceOrientationLandscapeLeft UIInterfaceOrientationLandscapeRight";
				INFOPLIST_KEY_UISupportedInterfaceOrientations_iPhone = "UIInterfaceOrientationPortrait UIInterfaceOrientationLandscapeLeft UIInterfaceOrientationLandscapeRight";
				LD_RUNPATH_SEARCH_PATHS = (
					"$(inherited)",
					"@executable_path/Frameworks",
				);
				MARKETING_VERSION = 1.0;
				PRODUCT_BUNDLE_IDENTIFIER = co.sai.pageViewController;
				PRODUCT_NAME = "$(TARGET_NAME)";
				SWIFT_EMIT_LOC_STRINGS = YES;
				TARGETED_DEVICE_FAMILY = "1,2";
			};
			name = Release;
		};
/* End XCBuildConfiguration section */

/* Begin XCConfigurationList section */
		97931F6F27B8E7C800F4FD6D /* Build configuration list for PBXProject "pageViewController" */ = {
			isa = XCConfigurationList;
			buildConfigurations = (
				97931F8B27B8E7CA00F4FD6D /* Debug */,
				97931F8C27B8E7CA00F4FD6D /* Release */,
			);
			defaultConfigurationIsVisible = 0;
			defaultConfigurationName = Release;
		};
		97931F8D27B8E7CA00F4FD6D /* Build configuration list for PBXNativeTarget "pageViewController" */ = {
			isa = XCConfigurationList;
			buildConfigurations = (
				97931F8E27B8E7CA00F4FD6D /* Debug */,
				97931F8F27B8E7CA00F4FD6D /* Release */,
			);
			defaultConfigurationIsVisible = 0;
			defaultConfigurationName = Release;
		};
/* End XCConfigurationList section */
	};
	rootObject = 97931F6C27B8E7C800F4FD6D /* Project object */;
}
